
Microsoft Visual Studio Solution File, Format Version 12.00
# Visual Studio Version 17
VisualStudioVersion = 17.3.32901.215
MinimumVisualStudioVersion = 10.0.40219.1
Project("{FAE04EC0-301F-11D3-BF4B-00C04F79EFBC}") = "FIT5032AssignmentProject", "FIT5032AssignmentProject\FIT5032AssignmentProject.csproj", "{93609F52-506E-48AD-AF17-9A024B57D23D}"
EndProject
Global
	GlobalSection(SolutionConfigurationPlatforms) = preSolution
		Debug|Any CPU = Debug|Any CPU
		Release|Any CPU = Release|Any CPU
	EndGlobalSection
	GlobalSection(ProjectConfigurationPlatforms) = postSolution
		{93609F52-506E-48AD-AF17-9A024B57D23D}.Debug|Any CPU.ActiveCfg = Debug|Any CPU
		{93609F52-506E-48AD-AF17-9A024B57D23D}.Debug|Any CPU.Build.0 = Debug|Any CPU
		{93609F52-506E-48AD-AF17-9A024B57D23D}.Release|Any CPU.ActiveCfg = Release|Any CPU
		{93609F52-506E-48AD-AF17-9A024B57D23D}.Release|Any CPU.Build.0 = Release|Any CPU
	EndGlobalSection
	GlobalSection(SolutionProperties) = preSolution
		HideSolutionNode = FALSE
	EndGlobalSection
	GlobalSection(ExtensibilityGlobals) = postSolution
		SolutionGuid = {F9C18879-9C9B-4374-A440-146FDB0B6E00}
	EndGlobalSection
EndGlobal
